
Microsoft Visual Studio Solution File, Format Version 12.00
# Visual Studio Version 17
VisualStudioVersion = 17.4.33205.214
MinimumVisualStudioVersion = 10.0.40219.1
Project("{9A19103F-16F7-4668-BE54-9A1E7A4F7556}") = "CoffeeMachine", "CoffeMachine\CoffeeMachine.csproj", "{0A656867-56E2-4CBE-A162-D7C70B5F0EF9}"
EndProject
Project("{9A19103F-16F7-4668-BE54-9A1E7A4F7556}") = "CoffeeMachine.Tests", "CoffeeMachine.Tests\CoffeeMachine.Tests.csproj", "{1C90F38A-3080-4A8E-BAE8-2AFC2440A15E}"
	ProjectSection(ProjectDependencies) = postProject
		{0A656867-56E2-4CBE-A162-D7C70B5F0EF9} = {0A656867-56E2-4CBE-A162-D7C70B5F0EF9}
	EndProjectSection
EndProject
Global
	GlobalSection(SolutionConfigurationPlatforms) = preSolution
		Debug|Any CPU = Debug|Any CPU
		Release|Any CPU = Release|Any CPU
	EndGlobalSection
	GlobalSection(ProjectConfigurationPlatforms) = postSolution
		{0A656867-56E2-4CBE-A162-D7C70B5F0EF9}.Debug|Any CPU.ActiveCfg = Debug|Any CPU
		{0A656867-56E2-4CBE-A162-D7C70B5F0EF9}.Debug|Any CPU.Build.0 = Debug|Any CPU
		{0A656867-56E2-4CBE-A162-D7C70B5F0EF9}.Release|Any CPU.ActiveCfg = Release|Any CPU
		{0A656867-56E2-4CBE-A162-D7C70B5F0EF9}.Release|Any CPU.Build.0 = Release|Any CPU
		{1C90F38A-3080-4A8E-BAE8-2AFC2440A15E}.Debug|Any CPU.ActiveCfg = Debug|Any CPU
		{1C90F38A-3080-4A8E-BAE8-2AFC2440A15E}.Debug|Any CPU.Build.0 = Debug|Any CPU
		{1C90F38A-3080-4A8E-BAE8-2AFC2440A15E}.Release|Any CPU.ActiveCfg = Release|Any CPU
		{1C90F38A-3080-4A8E-BAE8-2AFC2440A15E}.Release|Any CPU.Build.0 = Release|Any CPU
	EndGlobalSection
	GlobalSection(SolutionProperties) = preSolution
		HideSolutionNode = FALSE
	EndGlobalSection
	GlobalSection(ExtensibilityGlobals) = postSolution
		SolutionGuid = {1F42DEEB-AFDC-42E1-B016-9789AA7C7417}
	EndGlobalSection
EndGlobal
